
Microsoft Visual Studio Solution File, Format Version 12.00
# Visual Studio 14
VisualStudioVersion = 14.0.25420.1
MinimumVisualStudioVersion = 10.0.40219.1
Project("{FAE04EC0-301F-11D3-BF4B-00C04F79EFBC}") = "CSharpTour", "CSharpTour\CSharpTour.csproj", "{4608E19C-91BD-447F-81BF-19CF90D7D67A}"
EndProject
Project("{FAE04EC0-301F-11D3-BF4B-00C04F79EFBC}") = "WebTool", "WebTool\WebTool.csproj", "{9971136C-7078-4F44-97BD-7E01E26F2331}"
EndProject
Project("{FAE04EC0-301F-11D3-BF4B-00C04F79EFBC}") = "WebRequest", "WebRequest\WebRequest.csproj", "{E47F3ED1-5F6D-460C-9F0D-8C40DE376ED4}"
EndProject
Global
	GlobalSection(SolutionConfigurationPlatforms) = preSolution
		Debug|Any CPU = Debug|Any CPU
		Release|Any CPU = Release|Any CPU
	EndGlobalSection
	GlobalSection(ProjectConfigurationPlatforms) = postSolution
		{4608E19C-91BD-447F-81BF-19CF90D7D67A}.Debug|Any CPU.ActiveCfg = Debug|Any CPU
		{4608E19C-91BD-447F-81BF-19CF90D7D67A}.Debug|Any CPU.Build.0 = Debug|Any CPU
		{4608E19C-91BD-447F-81BF-19CF90D7D67A}.Release|Any CPU.ActiveCfg = Release|Any CPU
		{4608E19C-91BD-447F-81BF-19CF90D7D67A}.Release|Any CPU.Build.0 = Release|Any CPU
		{9971136C-7078-4F44-97BD-7E01E26F2331}.Debug|Any CPU.ActiveCfg = Debug|Any CPU
		{9971136C-7078-4F44-97BD-7E01E26F2331}.Debug|Any CPU.Build.0 = Debug|Any CPU
		{9971136C-7078-4F44-97BD-7E01E26F2331}.Release|Any CPU.ActiveCfg = Release|Any CPU
		{9971136C-7078-4F44-97BD-7E01E26F2331}.Release|Any CPU.Build.0 = Release|Any CPU
		{E47F3ED1-5F6D-460C-9F0D-8C40DE376ED4}.Debug|Any CPU.ActiveCfg = Debug|Any CPU
		{E47F3ED1-5F6D-460C-9F0D-8C40DE376ED4}.Debug|Any CPU.Build.0 = Debug|Any CPU
		{E47F3ED1-5F6D-460C-9F0D-8C40DE376ED4}.Release|Any CPU.ActiveCfg = Release|Any CPU
		{E47F3ED1-5F6D-460C-9F0D-8C40DE376ED4}.Release|Any CPU.Build.0 = Release|Any CPU
	EndGlobalSection
	GlobalSection(SolutionProperties) = preSolution
		HideSolutionNode = FALSE
	EndGlobalSection
EndGlobal
